
Microsoft Visual Studio Solution File, Format Version 12.00
# Visual Studio Version 17
VisualStudioVersion = 17.1.32228.430
MinimumVisualStudioVersion = 10.0.40219.1
Project("{9A19103F-16F7-4668-BE54-9A1E7A4F7556}") = "IfOnlyYou", "IfOnlyYou\IfOnlyYou.csproj", "{8BD99FC2-5B2E-47A6-A641-845AC1BB45BA}"
EndProject
Project("{FAE04EC0-301F-11D3-BF4B-00C04F79EFBC}") = "IfOnlyYouDataAccessLibrary", "IfOnlyYouDataAcessLibrary\IfOnlyYouDataAccessLibrary.csproj", "{E64C81B1-721B-4703-9469-7811B4F80C6E}"
EndProject
Global
	GlobalSection(SolutionConfigurationPlatforms) = preSolution
		Debug|Any CPU = Debug|Any CPU
		Release|Any CPU = Release|Any CPU
	EndGlobalSection
	GlobalSection(ProjectConfigurationPlatforms) = postSolution
		{8BD99FC2-5B2E-47A6-A641-845AC1BB45BA}.Debug|Any CPU.ActiveCfg = Debug|Any CPU
		{8BD99FC2-5B2E-47A6-A641-845AC1BB45BA}.Debug|Any CPU.Build.0 = Debug|Any CPU
		{8BD99FC2-5B2E-47A6-A641-845AC1BB45BA}.Release|Any CPU.ActiveCfg = Release|Any CPU
		{8BD99FC2-5B2E-47A6-A641-845AC1BB45BA}.Release|Any CPU.Build.0 = Release|Any CPU
		{E64C81B1-721B-4703-9469-7811B4F80C6E}.Debug|Any CPU.ActiveCfg = Debug|Any CPU
		{E64C81B1-721B-4703-9469-7811B4F80C6E}.Debug|Any CPU.Build.0 = Debug|Any CPU
		{E64C81B1-721B-4703-9469-7811B4F80C6E}.Release|Any CPU.ActiveCfg = Release|Any CPU
		{E64C81B1-721B-4703-9469-7811B4F80C6E}.Release|Any CPU.Build.0 = Release|Any CPU
	EndGlobalSection
	GlobalSection(SolutionProperties) = preSolution
		HideSolutionNode = FALSE
	EndGlobalSection
	GlobalSection(ExtensibilityGlobals) = postSolution
		SolutionGuid = {B7E851A7-9500-4DB4-9C4D-1C4FE13C1AFB}
	EndGlobalSection
EndGlobal
